// !$*UTF8*$!
{
	archiveVersion = 1;
	classes = {
	};
	objectVersion = 77;
	objects = {

/* Begin PBXContainerItemProxy section */
		DE47352E2E0396B2006510B6 /* PBXContainerItemProxy */ = {
			isa = PBXContainerItemProxy;
			containerPortal = DE4735142E0396B1006510B6 /* Project object */;
			proxyType = 1;
			remoteGlobalIDString = DE47351B2E0396B1006510B6;
			remoteInfo = HappyCursor;
		};
		DE4735382E0396B2006510B6 /* PBXContainerItemProxy */ = {
			isa = PBXContainerItemProxy;
			containerPortal = DE4735142E0396B1006510B6 /* Project object */;
			proxyType = 1;
			remoteGlobalIDString = DE47351B2E0396B1006510B6;
			remoteInfo = HappyCursor;
		};
/* End PBXContainerItemProxy section */

/* Begin PBXFileReference section */
		DE47351C2E0396B1006510B6 /* HappyCursor.app */ = {isa = PBXFileReference; explicitFileType = wrapper.application; includeInIndex = 0; path = HappyCursor.app; sourceTree = BUILT_PRODUCTS_DIR; };
		DE47352D2E0396B2006510B6 /* HappyCursorTests.xctest */ = {isa = PBXFileReference; explicitFileType = wrapper.cfbundle; includeInIndex = 0; path = HappyCursorTests.xctest; sourceTree = BUILT_PRODUCTS_DIR; };
		DE4735372E0396B2006510B6 /* HappyCursorUITests.xctest */ = {isa = PBXFileReference; explicitFileType = wrapper.cfbundle; includeInIndex = 0; path = HappyCursorUITests.xctest; sourceTree = BUILT_PRODUCTS_DIR; };
/* End PBXFileReference section */

/* Begin PBXFileSystemSynchronizedRootGroup section */
		DE47351E2E0396B1006510B6 /* HappyCursor */ = {
			isa = PBXFileSystemSynchronizedRootGroup;
			path = HappyCursor;
			sourceTree = "<group>";
		};
		DE4735302E0396B2006510B6 /* HappyCursorTests */ = {
			isa = PBXFileSystemSynchronizedRootGroup;
			path = HappyCursorTests;
			sourceTree = "<group>";
		};
		DE47353A2E0396B2006510B6 /* HappyCursorUITests */ = {
			isa = PBXFileSystemSynchronizedRootGroup;
			path = HappyCursorUITests;
			sourceTree = "<group>";
		};
/* End PBXFileSystemSynchronizedRootGroup section */

/* Begin PBXFrameworksBuildPhase section */
		DE4735192E0396B1006510B6 /* Frameworks */ = {
			isa = PBXFrameworksBuildPhase;
			buildActionMask = 2147483647;
			files = (
			);
			runOnlyForDeploymentPostprocessing = 0;
		};
		DE47352A2E0396B2006510B6 /* Frameworks */ = {
			isa = PBXFrameworksBuildPhase;
			buildActionMask = 2147483647;
			files = (
			);
			runOnlyForDeploymentPostprocessing = 0;
		};
		DE4735342E0396B2006510B6 /* Frameworks */ = {
			isa = PBXFrameworksBuildPhase;
			buildActionMask = 2147483647;
			files = (
			);
			runOnlyForDeploymentPostprocessing = 0;
		};
/* End PBXFrameworksBuildPhase section */

/* Begin PBXGroup section */
		DE4735132E0396B1006510B6 = {
			isa = PBXGroup;
			children = (
				DE47351E2E0396B1006510B6 /* HappyCursor */,
				DE4735302E0396B2006510B6 /* HappyCursorTests */,
				DE47353A2E0396B2006510B6 /* HappyCursorUITests */,
				DE47351D2E0396B1006510B6 /* Products */,
			);
			sourceTree = "<group>";
		};
		DE47351D2E0396B1006510B6 /* Products */ = {
			isa = PBXGroup;
			children = (
				DE47351C2E0396B1006510B6 /* HappyCursor.app */,
				DE47352D2E0396B2006510B6 /* HappyCursorTests.xctest */,
				DE4735372E0396B2006510B6 /* HappyCursorUITests.xctest */,
			);
			name = Products;
			sourceTree = "<group>";
		};
/* End PBXGroup section */

/* Begin PBXNativeTarget section */
		DE47351B2E0396B1006510B6 /* HappyCursor */ = {
			isa = PBXNativeTarget;
			buildConfigurationList = DE4735412E0396B2006510B6 /* Build configuration list for PBXNativeTarget "HappyCursor" */;
			buildPhases = (
				DE4735182E0396B1006510B6 /* Sources */,
				DE4735192E0396B1006510B6 /* Frameworks */,
				DE47351A2E0396B1006510B6 /* Resources */,
			);
			buildRules = (
			);
			dependencies = (
			);
			fileSystemSynchronizedGroups = (
				DE47351E2E0396B1006510B6 /* HappyCursor */,
			);
			name = HappyCursor;
			packageProductDependencies = (
			);
			productName = HappyCursor;
			productReference = DE47351C2E0396B1006510B6 /* HappyCursor.app */;
			productType = "com.apple.product-type.application";
		};
		DE47352C2E0396B2006510B6 /* HappyCursorTests */ = {
			isa = PBXNativeTarget;
			buildConfigurationList = DE4735442E0396B2006510B6 /* Build configuration list for PBXNativeTarget "HappyCursorTests" */;
			buildPhases = (
				DE4735292E0396B2006510B6 /* Sources */,
				DE47352A2E0396B2006510B6 /* Frameworks */,
				DE47352B2E0396B2006510B6 /* Resources */,
			);
			buildRules = (
			);
			dependencies = (
				DE47352F2E0396B2006510B6 /* PBXTargetDependency */,
			);
			fileSystemSynchronizedGroups = (
				DE4735302E0396B2006510B6 /* HappyCursorTests */,
			);
			name = HappyCursorTests;
			packageProductDependencies = (
			);
			productName = HappyCursorTests;
			productReference = DE47352D2E0396B2006510B6 /* HappyCursorTests.xctest */;
			productType = "com.apple.product-type.bundle.unit-test";
		};
		DE4735362E0396B2006510B6 /* HappyCursorUITests */ = {
			isa = PBXNativeTarget;
			buildConfigurationList = DE4735472E0396B2006510B6 /* Build configuration list for PBXNativeTarget "HappyCursorUITests" */;
			buildPhases = (
				DE4735332E0396B2006510B6 /* Sources */,
				DE4735342E0396B2006510B6 /* Frameworks */,
				DE4735352E0396B2006510B6 /* Resources */,
			);
			buildRules = (
			);
			dependencies = (
				DE4735392E0396B2006510B6 /* PBXTargetDependency */,
			);
			fileSystemSynchronizedGroups = (
				DE47353A2E0396B2006510B6 /* HappyCursorUITests */,
			);
			name = HappyCursorUITests;
			packageProductDependencies = (
			);
			productName = HappyCursorUITests;
			productReference = DE4735372E0396B2006510B6 /* HappyCursorUITests.xctest */;
			productType = "com.apple.product-type.bundle.ui-testing";
		};
/* End PBXNativeTarget section */

/* Begin PBXProject section */
		DE4735142E0396B1006510B6 /* Project object */ = {
			isa = PBXProject;
			attributes = {
				BuildIndependentTargetsInParallel = 1;
				LastSwiftUpdateCheck = 1610;
				LastUpgradeCheck = 1610;
				TargetAttributes = {
					DE47351B2E0396B1006510B6 = {
						CreatedOnToolsVersion = 16.1;
					};
					DE47352C2E0396B2006510B6 = {
						CreatedOnToolsVersion = 16.1;
						TestTargetID = DE47351B2E0396B1006510B6;
					};
					DE4735362E0396B2006510B6 = {
						CreatedOnToolsVersion = 16.1;
						TestTargetID = DE47351B2E0396B1006510B6;
					};
				};
			};
			buildConfigurationList = DE4735172E0396B1006510B6 /* Build configuration list for PBXProject "HappyCursor" */;
			developmentRegion = en;
			hasScannedForEncodings = 0;
			knownRegions = (
				en,
				Base,
				zh,
				"zh-Hans",
				ja,
				ko,
				fr,
				de,
				es,
				ru,
			);
			mainGroup = DE4735132E0396B1006510B6;
			minimizedProjectReferenceProxies = 1;
			packageReferences = (
			);
			preferredProjectObjectVersion = 77;
			productRefGroup = DE47351D2E0396B1006510B6 /* Products */;
			projectDirPath = "";
			projectRoot = "";
			targets = (
				DE47351B2E0396B1006510B6 /* HappyCursor */,
				DE47352C2E0396B2006510B6 /* HappyCursorTests */,
				DE4735362E0396B2006510B6 /* HappyCursorUITests */,
			);
		};
/* End PBXProject section */

/* Begin PBXResourcesBuildPhase section */
		DE47351A2E0396B1006510B6 /* Resources */ = {
			isa = PBXResourcesBuildPhase;
			buildActionMask = 2147483647;
			files = (
			);
			runOnlyForDeploymentPostprocessing = 0;
		};
		DE47352B2E0396B2006510B6 /* Resources */ = {
			isa = PBXResourcesBuildPhase;
			buildActionMask = 2147483647;
			files = (
			);
			runOnlyForDeploymentPostprocessing = 0;
		};
		DE4735352E0396B2006510B6 /* Resources */ = {
			isa = PBXResourcesBuildPhase;
			buildActionMask = 2147483647;
			files = (
			);
			runOnlyForDeploymentPostprocessing = 0;
		};
/* End PBXResourcesBuildPhase section */

/* Begin PBXSourcesBuildPhase section */
		DE4735182E0396B1006510B6 /* Sources */ = {
			isa = PBXSourcesBuildPhase;
			buildActionMask = 2147483647;
			files = (
			);
			runOnlyForDeploymentPostprocessing = 0;
		};
		DE4735292E0396B2006510B6 /* Sources */ = {
			isa = PBXSourcesBuildPhase;
			buildActionMask = 2147483647;
			files = (
			);
			runOnlyForDeploymentPostprocessing = 0;
		};
		DE4735332E0396B2006510B6 /* Sources */ = {
			isa = PBXSourcesBuildPhase;
			buildActionMask = 2147483647;
			files = (
			);
			runOnlyForDeploymentPostprocessing = 0;
		};
/* End PBXSourcesBuildPhase section */

/* Begin PBXTargetDependency section */
		DE47352F2E0396B2006510B6 /* PBXTargetDependency */ = {
			isa = PBXTargetDependency;
			target = DE47351B2E0396B1006510B6 /* HappyCursor */;
			targetProxy = DE47352E2E0396B2006510B6 /* PBXContainerItemProxy */;
		};
		DE4735392E0396B2006510B6 /* PBXTargetDependency */ = {
			isa = PBXTargetDependency;
			target = DE47351B2E0396B1006510B6 /* HappyCursor */;
			targetProxy = DE4735382E0396B2006510B6 /* PBXContainerItemProxy */;
		};
/* End PBXTargetDependency section */

/* Begin XCBuildConfiguration section */
		DE47353F2E0396B2006510B6 /* Debug */ = {
			isa = XCBuildConfiguration;
			buildSettings = {
				ALWAYS_SEARCH_USER_PATHS = NO;
				ASSETCATALOG_COMPILER_GENERATE_SWIFT_ASSET_SYMBOL_EXTENSIONS = YES;
				CLANG_ANALYZER_NONNULL = YES;
				CLANG_ANALYZER_NUMBER_OBJECT_CONVERSION = YES_AGGRESSIVE;
				CLANG_CXX_LANGUAGE_STANDARD = "gnu++20";
				CLANG_ENABLE_MODULES = YES;
				CLANG_ENABLE_OBJC_ARC = YES;
				CLANG_ENABLE_OBJC_WEAK = YES;
				CLANG_WARN_BLOCK_CAPTURE_AUTORELEASING = YES;
				CLANG_WARN_BOOL_CONVERSION = YES;
				CLANG_WARN_COMMA = YES;
				CLANG_WARN_CONSTANT_CONVERSION = YES;
				CLANG_WARN_DEPRECATED_OBJC_IMPLEMENTATIONS = YES;
				CLANG_WARN_DIRECT_OBJC_ISA_USAGE = YES_ERROR;
				CLANG_WARN_DOCUMENTATION_COMMENTS = YES;
				CLANG_WARN_EMPTY_BODY = YES;
				CLANG_WARN_ENUM_CONVERSION = YES;
				CLANG_WARN_INFINITE_RECURSION = YES;
				CLANG_WARN_INT_CONVERSION = YES;
				CLANG_WARN_NON_LITERAL_NULL_CONVERSION = YES;
				CLANG_WARN_OBJC_IMPLICIT_RETAIN_SELF = YES;
				CLANG_WARN_OBJC_LITERAL_CONVERSION = YES;
				CLANG_WARN_OBJC_ROOT_CLASS = YES_ERROR;
				CLANG_WARN_QUOTED_INCLUDE_IN_FRAMEWORK_HEADER = YES;
				CLANG_WARN_RANGE_LOOP_ANALYSIS = YES;
				CLANG_WARN_STRICT_PROTOTYPES = YES;
				CLANG_WARN_SUSPICIOUS_MOVE = YES;
				CLANG_WARN_UNGUARDED_AVAILABILITY = YES_AGGRESSIVE;
				CLANG_WARN_UNREACHABLE_CODE = YES;
				CLANG_WARN__DUPLICATE_METHOD_MATCH = YES;
				COPY_PHASE_STRIP = NO;
				DEBUG_INFORMATION_FORMAT = dwarf;
				ENABLE_STRICT_OBJC_MSGSEND = YES;
				ENABLE_TESTABILITY = YES;
				ENABLE_USER_SCRIPT_SANDBOXING = YES;
				GCC_C_LANGUAGE_STANDARD = gnu17;
				GCC_DYNAMIC_NO_PIC = NO;
				GCC_NO_COMMON_BLOCKS = YES;
				GCC_OPTIMIZATION_LEVEL = 0;
				GCC_PREPROCESSOR_DEFINITIONS = (
					"DEBUG=1",
					"$(inherited)",
				);
				GCC_WARN_64_TO_32_BIT_CONVERSION = YES;
				GCC_WARN_ABOUT_RETURN_TYPE = YES_ERROR;
				GCC_WARN_UNDECLARED_SELECTOR = YES;
				GCC_WARN_UNINITIALIZED_AUTOS = YES_AGGRESSIVE;
				GCC_WARN_UNUSED_FUNCTION = YES;
				GCC_WARN_UNUSED_VARIABLE = YES;
				LOCALIZATION_PREFERS_STRING_CATALOGS = YES;
				MACOSX_DEPLOYMENT_TARGET = 15.1;
				MTL_ENABLE_DEBUG_INFO = INCLUDE_SOURCE;
				MTL_FAST_MATH = YES;
				ONLY_ACTIVE_ARCH = YES;
				SDKROOT = macosx;
				SWIFT_ACTIVE_COMPILATION_CONDITIONS = "DEBUG $(inherited)";
				SWIFT_OPTIMIZATION_LEVEL = "-Onone";
			};
			name = Debug;
		};
		DE4735402E0396B2006510B6 /* Release */ = {
			isa = XCBuildConfiguration;
			buildSettings = {
				ALWAYS_SEARCH_USER_PATHS = NO;
				ASSETCATALOG_COMPILER_GENERATE_SWIFT_ASSET_SYMBOL_EXTENSIONS = YES;
				CLANG_ANALYZER_NONNULL = YES;
				CLANG_ANALYZER_NUMBER_OBJECT_CONVERSION = YES_AGGRESSIVE;
				CLANG_CXX_LANGUAGE_STANDARD = "gnu++20";
				CLANG_ENABLE_MODULES = YES;
				CLANG_ENABLE_OBJC_ARC = YES;
				CLANG_ENABLE_OBJC_WEAK = YES;
				CLANG_WARN_BLOCK_CAPTURE_AUTORELEASING = YES;
				CLANG_WARN_BOOL_CONVERSION = YES;
				CLANG_WARN_COMMA = YES;
				CLANG_WARN_CONSTANT_CONVERSION = YES;
				CLANG_WARN_DEPRECATED_OBJC_IMPLEMENTATIONS = YES;
				CLANG_WARN_DIRECT_OBJC_ISA_USAGE = YES_ERROR;
				CLANG_WARN_DOCUMENTATION_COMMENTS = YES;
				CLANG_WARN_EMPTY_BODY = YES;
				CLANG_WARN_ENUM_CONVERSION = YES;
				CLANG_WARN_INFINITE_RECURSION = YES;
				CLANG_WARN_INT_CONVERSION = YES;
				CLANG_WARN_NON_LITERAL_NULL_CONVERSION = YES;
				CLANG_WARN_OBJC_IMPLICIT_RETAIN_SELF = YES;
				CLANG_WARN_OBJC_LITERAL_CONVERSION = YES;
				CLANG_WARN_OBJC_ROOT_CLASS = YES_ERROR;
				CLANG_WARN_QUOTED_INCLUDE_IN_FRAMEWORK_HEADER = YES;
				CLANG_WARN_RANGE_LOOP_ANALYSIS = YES;
				CLANG_WARN_STRICT_PROTOTYPES = YES;
				CLANG_WARN_SUSPICIOUS_MOVE = YES;
				CLANG_WARN_UNGUARDED_AVAILABILITY = YES_AGGRESSIVE;
				CLANG_WARN_UNREACHABLE_CODE = YES;
				CLANG_WARN__DUPLICATE_METHOD_MATCH = YES;
				COPY_PHASE_STRIP = NO;
				DEBUG_INFORMATION_FORMAT = "dwarf-with-dsym";
				ENABLE_NS_ASSERTIONS = NO;
				ENABLE_STRICT_OBJC_MSGSEND = YES;
				ENABLE_USER_SCRIPT_SANDBOXING = YES;
				GCC_C_LANGUAGE_STANDARD = gnu17;
				GCC_NO_COMMON_BLOCKS = YES;
				GCC_WARN_64_TO_32_BIT_CONVERSION = YES;
				GCC_WARN_ABOUT_RETURN_TYPE = YES_ERROR;
				GCC_WARN_UNDECLARED_SELECTOR = YES;
				GCC_WARN_UNINITIALIZED_AUTOS = YES_AGGRESSIVE;
				GCC_WARN_UNUSED_FUNCTION = YES;
				GCC_WARN_UNUSED_VARIABLE = YES;
				LOCALIZATION_PREFERS_STRING_CATALOGS = YES;
				MACOSX_DEPLOYMENT_TARGET = 15.1;
				MTL_ENABLE_DEBUG_INFO = NO;
				MTL_FAST_MATH = YES;
				SDKROOT = macosx;
				SWIFT_COMPILATION_MODE = wholemodule;
			};
			name = Release;
		};
		DE4735422E0396B2006510B6 /* Debug */ = {
			isa = XCBuildConfiguration;
			buildSettings = {
				ASSETCATALOG_COMPILER_APPICON_NAME = AppIcon;
				ASSETCATALOG_COMPILER_GLOBAL_ACCENT_COLOR_NAME = AccentColor;
				CODE_SIGN_ENTITLEMENTS = HappyCursor/HappyCursor.entitlements;
				CODE_SIGN_STYLE = Automatic;
				COMBINE_HIDPI_IMAGES = YES;
				CURRENT_PROJECT_VERSION = 0.6;
				DEVELOPMENT_ASSET_PATHS = "\"HappyCursor/Preview Content\"";
				DEVELOPMENT_TEAM = 756C5WUS2W;
				ENABLE_HARDENED_RUNTIME = YES;
				ENABLE_PREVIEWS = YES;
				GENERATE_INFOPLIST_FILE = YES;
				INFOPLIST_FILE = HappyCursor/Info.plist;
				INFOPLIST_KEY_CFBundleDisplayName = HappyCursor;
				INFOPLIST_KEY_NSAppleEventsUsageDescription = "Requires accessibility permissions to control the cursor.";
				INFOPLIST_KEY_NSHumanReadableCopyright = "Copyright © 2025 HappyCursor. All rights reserved.";
				LD_RUNPATH_SEARCH_PATHS = (
					"$(inherited)",
					"@executable_path/../Frameworks",
				);
				MARKETING_VERSION = 0.1;
				PRODUCT_BUNDLE_IDENTIFIER = com.terry.HappyCursor;
				PRODUCT_NAME = "$(TARGET_NAME)";
				SWIFT_EMIT_LOC_STRINGS = YES;
				SWIFT_VERSION = 5.0;
			};
			name = Debug;
		};
		DE4735432E0396B2006510B6 /* Release */ = {
			isa = XCBuildConfiguration;
			buildSettings = {
				ASSETCATALOG_COMPILER_APPICON_NAME = AppIcon;
				ASSETCATALOG_COMPILER_GLOBAL_ACCENT_COLOR_NAME = AccentColor;
				CODE_SIGN_ENTITLEMENTS = HappyCursor/HappyCursor.entitlements;
				CODE_SIGN_STYLE = Automatic;
				COMBINE_HIDPI_IMAGES = YES;
				CURRENT_PROJECT_VERSION = 0.6;
				DEVELOPMENT_ASSET_PATHS = "\"HappyCursor/Preview Content\"";
				DEVELOPMENT_TEAM = 756C5WUS2W;
				ENABLE_HARDENED_RUNTIME = YES;
				ENABLE_PREVIEWS = YES;
				GENERATE_INFOPLIST_FILE = YES;
				INFOPLIST_FILE = HappyCursor/Info.plist;
				INFOPLIST_KEY_CFBundleDisplayName = HappyCursor;
				INFOPLIST_KEY_NSAppleEventsUsageDescription = "Requires accessibility permissions to control the cursor.";
				INFOPLIST_KEY_NSHumanReadableCopyright = "Copyright © 2025 HappyCursor. All rights reserved.";
				LD_RUNPATH_SEARCH_PATHS = (
					"$(inherited)",
					"@executable_path/../Frameworks",
				);
				MARKETING_VERSION = 0.1;
				PRODUCT_BUNDLE_IDENTIFIER = com.terry.HappyCursor;
				PRODUCT_NAME = "$(TARGET_NAME)";
				SWIFT_EMIT_LOC_STRINGS = YES;
				SWIFT_VERSION = 5.0;
			};
			name = Release;
		};
		DE4735452E0396B2006510B6 /* Debug */ = {
			isa = XCBuildConfiguration;
			buildSettings = {
				BUNDLE_LOADER = "$(TEST_HOST)";
				CODE_SIGN_STYLE = Automatic;
				CURRENT_PROJECT_VERSION = 1;
				DEVELOPMENT_TEAM = 756C5WUS2W;
				GENERATE_INFOPLIST_FILE = YES;
				MACOSX_DEPLOYMENT_TARGET = 15.1;
				MARKETING_VERSION = 1.0;
				PRODUCT_BUNDLE_IDENTIFIER = com.terry.HappyCursorTests;
				PRODUCT_NAME = "$(TARGET_NAME)";
				SWIFT_EMIT_LOC_STRINGS = NO;
				SWIFT_VERSION = 5.0;
				TEST_HOST = "$(BUILT_PRODUCTS_DIR)/HappyCursor.app/$(BUNDLE_EXECUTABLE_FOLDER_PATH)/HappyCursor";
			};
			name = Debug;
		};
		DE4735462E0396B2006510B6 /* Release */ = {
			isa = XCBuildConfiguration;
			buildSettings = {
				BUNDLE_LOADER = "$(TEST_HOST)";
				CODE_SIGN_STYLE = Automatic;
				CURRENT_PROJECT_VERSION = 1;
				DEVELOPMENT_TEAM = 756C5WUS2W;
				GENERATE_INFOPLIST_FILE = YES;
				MACOSX_DEPLOYMENT_TARGET = 15.1;
				MARKETING_VERSION = 1.0;
				PRODUCT_BUNDLE_IDENTIFIER = com.terry.HappyCursorTests;
				PRODUCT_NAME = "$(TARGET_NAME)";
				SWIFT_EMIT_LOC_STRINGS = NO;
				SWIFT_VERSION = 5.0;
				TEST_HOST = "$(BUILT_PRODUCTS_DIR)/HappyCursor.app/$(BUNDLE_EXECUTABLE_FOLDER_PATH)/HappyCursor";
			};
			name = Release;
		};
		DE4735482E0396B2006510B6 /* Debug */ = {
			isa = XCBuildConfiguration;
			buildSettings = {
				CODE_SIGN_STYLE = Automatic;
				CURRENT_PROJECT_VERSION = 1;
				DEVELOPMENT_TEAM = 756C5WUS2W;
				GENERATE_INFOPLIST_FILE = YES;
				MARKETING_VERSION = 1.0;
				PRODUCT_BUNDLE_IDENTIFIER = com.terry.HappyCursorUITests;
				PRODUCT_NAME = "$(TARGET_NAME)";
				SWIFT_EMIT_LOC_STRINGS = NO;
				SWIFT_VERSION = 5.0;
				TEST_TARGET_NAME = HappyCursor;
			};
			name = Debug;
		};
		DE4735492E0396B2006510B6 /* Release */ = {
			isa = XCBuildConfiguration;
			buildSettings = {
				CODE_SIGN_STYLE = Automatic;
				CURRENT_PROJECT_VERSION = 1;
				DEVELOPMENT_TEAM = 756C5WUS2W;
				GENERATE_INFOPLIST_FILE = YES;
				MARKETING_VERSION = 1.0;
				PRODUCT_BUNDLE_IDENTIFIER = com.terry.HappyCursorUITests;
				PRODUCT_NAME = "$(TARGET_NAME)";
				SWIFT_EMIT_LOC_STRINGS = NO;
				SWIFT_VERSION = 5.0;
				TEST_TARGET_NAME = HappyCursor;
			};
			name = Release;
		};
/* End XCBuildConfiguration section */

/* Begin XCConfigurationList section */
		DE4735172E0396B1006510B6 /* Build configuration list for PBXProject "HappyCursor" */ = {
			isa = XCConfigurationList;
			buildConfigurations = (
				DE47353F2E0396B2006510B6 /* Debug */,
				DE4735402E0396B2006510B6 /* Release */,
			);
			defaultConfigurationIsVisible = 0;
			defaultConfigurationName = Release;
		};
		DE4735412E0396B2006510B6 /* Build configuration list for PBXNativeTarget "HappyCursor" */ = {
			isa = XCConfigurationList;
			buildConfigurations = (
				DE4735422E0396B2006510B6 /* Debug */,
				DE4735432E0396B2006510B6 /* Release */,
			);
			defaultConfigurationIsVisible = 0;
			defaultConfigurationName = Release;
		};
		DE4735442E0396B2006510B6 /* Build configuration list for PBXNativeTarget "HappyCursorTests" */ = {
			isa = XCConfigurationList;
			buildConfigurations = (
				DE4735452E0396B2006510B6 /* Debug */,
				DE4735462E0396B2006510B6 /* Release */,
			);
			defaultConfigurationIsVisible = 0;
			defaultConfigurationName = Release;
		};
		DE4735472E0396B2006510B6 /* Build configuration list for PBXNativeTarget "HappyCursorUITests" */ = {
			isa = XCConfigurationList;
			buildConfigurations = (
				DE4735482E0396B2006510B6 /* Debug */,
				DE4735492E0396B2006510B6 /* Release */,
			);
			defaultConfigurationIsVisible = 0;
			defaultConfigurationName = Release;
		};
/* End XCConfigurationList section */
	};
	rootObject = DE4735142E0396B1006510B6 /* Project object */;
}
